Microsoft Visual Studio Solution File, Format Version 11.00
# Visual Studio 2010
Project("{8BC9CEB8-8B4A-11D0-8D11-00A0C91BC942}") = "ALL_BUILD", "ALL_BUILD.vcxproj", "{1DC01EC0-42BA-4BD2-9DD5-375F5E89BF05}"
	ProjectSection(ProjectDependencies) = postProject
		{3B8A0FFA-91BD-4520-B945-E10838E4500F} = {3B8A0FFA-91BD-4520-B945-E10838E4500F}
		{F23EDF41-F231-4542-8872-381771049962} = {F23EDF41-F231-4542-8872-381771049962}
		{4D48263A-7987-4458-93EB-9478D33FBA8A} = {4D48263A-7987-4458-93EB-9478D33FBA8A}
		{4D67F408-E429-4ABB-BE6E-7D2ABAC8514F} = {4D67F408-E429-4ABB-BE6E-7D2ABAC8514F}
		{68C1A353-40A7-417B-85A8-96428908C9BC} = {68C1A353-40A7-417B-85A8-96428908C9BC}
	EndProjectSection
EndProject
Project("{8BC9CEB8-8B4A-11D0-8D11-00A0C91BC942}") = "INSTALL", "INSTALL.vcxproj", "{CB8865B6-BED2-4E7F-91C8-66218D6817F5}"
	ProjectSection(ProjectDependencies) = postProject
		{1DC01EC0-42BA-4BD2-9DD5-375F5E89BF05} = {1DC01EC0-42BA-4BD2-9DD5-375F5E89BF05}
	EndProjectSection
EndProject
Project("{8BC9CEB8-8B4A-11D0-8D11-00A0C91BC942}") = "RUN_TESTS", "RUN_TESTS.vcxproj", "{6576760C-3E8A-465C-8ABC-702F1AB16305}"
	ProjectSection(ProjectDependencies) = postProject
	EndProjectSection
EndProject
Project("{8BC9CEB8-8B4A-11D0-8D11-00A0C91BC942}") = "ZERO_CHECK", "ZERO_CHECK.vcxproj", "{3B8A0FFA-91BD-4520-B945-E10838E4500F}"
	ProjectSection(ProjectDependencies) = postProject
	EndProjectSection
EndProject
Project("{8BC9CEB8-8B4A-11D0-8D11-00A0C91BC942}") = "example", "example.vcxproj", "{F23EDF41-F231-4542-8872-381771049962}"
	ProjectSection(ProjectDependencies) = postProject
		{3B8A0FFA-91BD-4520-B945-E10838E4500F} = {3B8A0FFA-91BD-4520-B945-E10838E4500F}
		{4D67F408-E429-4ABB-BE6E-7D2ABAC8514F} = {4D67F408-E429-4ABB-BE6E-7D2ABAC8514F}
	EndProjectSection
EndProject
Project("{8BC9CEB8-8B4A-11D0-8D11-00A0C91BC942}") = "minigzip", "minigzip.vcxproj", "{4D48263A-7987-4458-93EB-9478D33FBA8A}"
	ProjectSection(ProjectDependencies) = postProject
		{3B8A0FFA-91BD-4520-B945-E10838E4500F} = {3B8A0FFA-91BD-4520-B945-E10838E4500F}
		{4D67F408-E429-4ABB-BE6E-7D2ABAC8514F} = {4D67F408-E429-4ABB-BE6E-7D2ABAC8514F}
	EndProjectSection
EndProject
Project("{8BC9CEB8-8B4A-11D0-8D11-00A0C91BC942}") = "zlib", "zlib.vcxproj", "{4D67F408-E429-4ABB-BE6E-7D2ABAC8514F}"
	ProjectSection(ProjectDependencies) = postProject
		{3B8A0FFA-91BD-4520-B945-E10838E4500F} = {3B8A0FFA-91BD-4520-B945-E10838E4500F}
	EndProjectSection
EndProject
Project("{8BC9CEB8-8B4A-11D0-8D11-00A0C91BC942}") = "zlibstatic", "zlibstatic.vcxproj", "{68C1A353-40A7-417B-85A8-96428908C9BC}"
	ProjectSection(ProjectDependencies) = postProject
		{3B8A0FFA-91BD-4520-B945-E10838E4500F} = {3B8A0FFA-91BD-4520-B945-E10838E4500F}
	EndProjectSection
EndProject
Global
	GlobalSection(SolutionConfigurationPlatforms) = preSolution
		Debug|Win32 = Debug|Win32
		Release|Win32 = Release|Win32
		MinSizeRel|Win32 = MinSizeRel|Win32
		RelWithDebInfo|Win32 = RelWithDebInfo|Win32
	EndGlobalSection
	GlobalSection(ProjectConfigurationPlatforms) = postSolution
		{1DC01EC0-42BA-4BD2-9DD5-375F5E89BF05}.Debug|Win32.ActiveCfg = Debug|Win32
		{1DC01EC0-42BA-4BD2-9DD5-375F5E89BF05}.Debug|Win32.Build.0 = Debug|Win32
		{1DC01EC0-42BA-4BD2-9DD5-375F5E89BF05}.Release|Win32.ActiveCfg = Release|Win32
		{1DC01EC0-42BA-4BD2-9DD5-375F5E89BF05}.Release|Win32.Build.0 = Release|Win32
		{1DC01EC0-42BA-4BD2-9DD5-375F5E89BF05}.MinSizeRel|Win32.ActiveCfg = MinSizeRel|Win32
		{1DC01EC0-42BA-4BD2-9DD5-375F5E89BF05}.MinSizeRel|Win32.Build.0 = MinSizeRel|Win32
		{1DC01EC0-42BA-4BD2-9DD5-375F5E89BF05}.RelWithDebInfo|Win32.ActiveCfg = RelWithDebInfo|Win32
		{1DC01EC0-42BA-4BD2-9DD5-375F5E89BF05}.RelWithDebInfo|Win32.Build.0 = RelWithDebInfo|Win32
		{CB8865B6-BED2-4E7F-91C8-66218D6817F5}.Debug|Win32.ActiveCfg = Debug|Win32
		{CB8865B6-BED2-4E7F-91C8-66218D6817F5}.Release|Win32.ActiveCfg = Release|Win32
		{CB8865B6-BED2-4E7F-91C8-66218D6817F5}.MinSizeRel|Win32.ActiveCfg = MinSizeRel|Win32
		{CB8865B6-BED2-4E7F-91C8-66218D6817F5}.RelWithDebInfo|Win32.ActiveCfg = RelWithDebInfo|Win32
		{6576760C-3E8A-465C-8ABC-702F1AB16305}.Debug|Win32.ActiveCfg = Debug|Win32
		{6576760C-3E8A-465C-8ABC-702F1AB16305}.Release|Win32.ActiveCfg = Release|Win32
		{6576760C-3E8A-465C-8ABC-702F1AB16305}.MinSizeRel|Win32.ActiveCfg = MinSizeRel|Win32
		{6576760C-3E8A-465C-8ABC-702F1AB16305}.RelWithDebInfo|Win32.ActiveCfg = RelWithDebInfo|Win32
		{3B8A0FFA-91BD-4520-B945-E10838E4500F}.Debug|Win32.ActiveCfg = Debug|Win32
		{3B8A0FFA-91BD-4520-B945-E10838E4500F}.Debug|Win32.Build.0 = Debug|Win32
		{3B8A0FFA-91BD-4520-B945-E10838E4500F}.Release|Win32.ActiveCfg = Release|Win32
		{3B8A0FFA-91BD-4520-B945-E10838E4500F}.Release|Win32.Build.0 = Release|Win32
		{3B8A0FFA-91BD-4520-B945-E10838E4500F}.MinSizeRel|Win32.ActiveCfg = MinSizeRel|Win32
		{3B8A0FFA-91BD-4520-B945-E10838E4500F}.MinSizeRel|Win32.Build.0 = MinSizeRel|Win32
		{3B8A0FFA-91BD-4520-B945-E10838E4500F}.RelWithDebInfo|Win32.ActiveCfg = RelWithDebInfo|Win32
		{3B8A0FFA-91BD-4520-B945-E10838E4500F}.RelWithDebInfo|Win32.Build.0 = RelWithDebInfo|Win32
		{F23EDF41-F231-4542-8872-381771049962}.Debug|Win32.ActiveCfg = Debug|Win32
		{F23EDF41-F231-4542-8872-381771049962}.Debug|Win32.Build.0 = Debug|Win32
		{F23EDF41-F231-4542-8872-381771049962}.Release|Win32.ActiveCfg = Release|Win32
		{F23EDF41-F231-4542-8872-381771049962}.Release|Win32.Build.0 = Release|Win32
		{F23EDF41-F231-4542-8872-381771049962}.MinSizeRel|Win32.ActiveCfg = MinSizeRel|Win32
		{F23EDF41-F231-4542-8872-381771049962}.MinSizeRel|Win32.Build.0 = MinSizeRel|Win32
		{F23EDF41-F231-4542-8872-381771049962}.RelWithDebInfo|Win32.ActiveCfg = RelWithDebInfo|Win32
		{F23EDF41-F231-4542-8872-381771049962}.RelWithDebInfo|Win32.Build.0 = RelWithDebInfo|Win32
		{4D48263A-7987-4458-93EB-9478D33FBA8A}.Debug|Win32.ActiveCfg = Debug|Win32
		{4D48263A-7987-4458-93EB-9478D33FBA8A}.Debug|Win32.Build.0 = Debug|Win32
		{4D48263A-7987-4458-93EB-9478D33FBA8A}.Release|Win32.ActiveCfg = Release|Win32
		{4D48263A-7987-4458-93EB-9478D33FBA8A}.Release|Win32.Build.0 = Release|Win32
		{4D48263A-7987-4458-93EB-9478D33FBA8A}.MinSizeRel|Win32.ActiveCfg = MinSizeRel|Win32
		{4D48263A-7987-4458-93EB-9478D33FBA8A}.MinSizeRel|Win32.Build.0 = MinSizeRel|Win32
		{4D48263A-7987-4458-93EB-9478D33FBA8A}.RelWithDebInfo|Win32.ActiveCfg = RelWithDebInfo|Win32
		{4D48263A-7987-4458-93EB-9478D33FBA8A}.RelWithDebInfo|Win32.Build.0 = RelWithDebInfo|Win32
		{4D67F408-E429-4ABB-BE6E-7D2ABAC8514F}.Debug|Win32.ActiveCfg = Debug|Win32
		{4D67F408-E429-4ABB-BE6E-7D2ABAC8514F}.Debug|Win32.Build.0 = Debug|Win32
		{4D67F408-E429-4ABB-BE6E-7D2ABAC8514F}.Release|Win32.ActiveCfg = Release|Win32
		{4D67F408-E429-4ABB-BE6E-7D2ABAC8514F}.Release|Win32.Build.0 = Release|Win32
		{4D67F408-E429-4ABB-BE6E-7D2ABAC8514F}.MinSizeRel|Win32.ActiveCfg = MinSizeRel|Win32
		{4D67F408-E429-4ABB-BE6E-7D2ABAC8514F}.MinSizeRel|Win32.Build.0 = MinSizeRel|Win32
		{4D67F408-E429-4ABB-BE6E-7D2ABAC8514F}.RelWithDebInfo|Win32.ActiveCfg = RelWithDebInfo|Win32
		{4D67F408-E429-4ABB-BE6E-7D2ABAC8514F}.RelWithDebInfo|Win32.Build.0 = RelWithDebInfo|Win32
		{68C1A353-40A7-417B-85A8-96428908C9BC}.Debug|Win32.ActiveCfg = Debug|Win32
		{68C1A353-40A7-417B-85A8-96428908C9BC}.Debug|Win32.Build.0 = Debug|Win32
		{68C1A353-40A7-417B-85A8-96428908C9BC}.Release|Win32.ActiveCfg = Release|Win32
		{68C1A353-40A7-417B-85A8-96428908C9BC}.Release|Win32.Build.0 = Release|Win32
		{68C1A353-40A7-417B-85A8-96428908C9BC}.MinSizeRel|Win32.ActiveCfg = MinSizeRel|Win32
		{68C1A353-40A7-417B-85A8-96428908C9BC}.MinSizeRel|Win32.Build.0 = MinSizeRel|Win32
		{68C1A353-40A7-417B-85A8-96428908C9BC}.RelWithDebInfo|Win32.ActiveCfg = RelWithDebInfo|Win32
		{68C1A353-40A7-417B-85A8-96428908C9BC}.RelWithDebInfo|Win32.Build.0 = RelWithDebInfo|Win32
	EndGlobalSection
	GlobalSection(ExtensibilityGlobals) = postSolution
	EndGlobalSection
	GlobalSection(ExtensibilityAddIns) = postSolution
	EndGlobalSection
EndGlobal
