
Microsoft Visual Studio Solution File, Format Version 11.00
# Visual Studio 2010
Project("{8BC9CEB8-8B4A-11D0-8D11-00A0C91BC942}") = "libcurl", "lib\libcurl.vcxproj", "{6229D34D-7946-7B26-3BF9-0CD2E4DEC4FB}"
EndProject
Project("{8BC9CEB8-8B4A-11D0-8D11-00A0C91BC942}") = "curlsrc", "src\curlsrc.vcxproj", "{7A06FBDE-E52E-1077-3775-D1DFC3A8F848}"
	ProjectSection(ProjectDependencies) = postProject
		{6229D34D-7946-7B26-3BF9-0CD2E4DEC4FB} = {6229D34D-7946-7B26-3BF9-0CD2E4DEC4FB}
	EndProjectSection
EndProject
Global
	GlobalSection(SolutionConfigurationPlatforms) = preSolution
		DLL Debug DLL OpenSSL DLL LibSSH2|Win32 = DLL Debug DLL OpenSSL DLL LibSSH2|Win32
		DLL Debug DLL OpenSSL|Win32 = DLL Debug DLL OpenSSL|Win32
		DLL Debug DLL Windows SSPI DLL WinIDN|Win32 = DLL Debug DLL Windows SSPI DLL WinIDN|Win32
		DLL Debug DLL Windows SSPI|Win32 = DLL Debug DLL Windows SSPI|Win32
		DLL Debug|Win32 = DLL Debug|Win32
		DLL Release DLL OpenSSL DLL LibSSH2|Win32 = DLL Release DLL OpenSSL DLL LibSSH2|Win32
		DLL Release DLL OpenSSL|Win32 = DLL Release DLL OpenSSL|Win32
		DLL Release DLL Windows SSPI DLL WinIDN|Win32 = DLL Release DLL Windows SSPI DLL WinIDN|Win32
		DLL Release DLL Windows SSPI|Win32 = DLL Release DLL Windows SSPI|Win32
		DLL Release|Win32 = DLL Release|Win32
		LIB Debug DLL OpenSSL DLL LibSSH2|Win32 = LIB Debug DLL OpenSSL DLL LibSSH2|Win32
		LIB Debug DLL OpenSSL|Win32 = LIB Debug DLL OpenSSL|Win32
		LIB Debug DLL Windows SSPI DLL WinIDN|Win32 = LIB Debug DLL Windows SSPI DLL WinIDN|Win32
		LIB Debug DLL Windows SSPI|Win32 = LIB Debug DLL Windows SSPI|Win32
		LIB Debug LIB OpenSSL LIB LibSSH2|Win32 = LIB Debug LIB OpenSSL LIB LibSSH2|Win32
		LIB Debug LIB OpenSSL|Win32 = LIB Debug LIB OpenSSL|Win32
		LIB Debug|Win32 = LIB Debug|Win32
		LIB Release DLL OpenSSL DLL LibSSH2|Win32 = LIB Release DLL OpenSSL DLL LibSSH2|Win32
		LIB Release DLL OpenSSL|Win32 = LIB Release DLL OpenSSL|Win32
		LIB Release DLL Windows SSPI DLL WinIDN|Win32 = LIB Release DLL Windows SSPI DLL WinIDN|Win32
		LIB Release DLL Windows SSPI|Win32 = LIB Release DLL Windows SSPI|Win32
		LIB Release LIB OpenSSL LIB LibSSH2|Win32 = LIB Release LIB OpenSSL LIB LibSSH2|Win32
		LIB Release LIB OpenSSL|Win32 = LIB Release LIB OpenSSL|Win32
		LIB Release|Win32 = LIB Release|Win32
		Template|Win32 = Template|Win32
	EndGlobalSection
	GlobalSection(ProjectConfigurationPlatforms) = postSolution
		{6229D34D-7946-7B26-3BF9-0CD2E4DEC4FB}.DLL Debug DLL OpenSSL DLL LibSSH2|Win32.ActiveCfg = DLL Debug DLL OpenSSL DLL LibSSH2|Win32
		{6229D34D-7946-7B26-3BF9-0CD2E4DEC4FB}.DLL Debug DLL OpenSSL DLL LibSSH2|Win32.Build.0 = DLL Debug DLL OpenSSL DLL LibSSH2|Win32
		{6229D34D-7946-7B26-3BF9-0CD2E4DEC4FB}.DLL Debug DLL OpenSSL|Win32.ActiveCfg = DLL Debug DLL OpenSSL|Win32
		{6229D34D-7946-7B26-3BF9-0CD2E4DEC4FB}.DLL Debug DLL OpenSSL|Win32.Build.0 = DLL Debug DLL OpenSSL|Win32
		{6229D34D-7946-7B26-3BF9-0CD2E4DEC4FB}.DLL Debug DLL Windows SSPI DLL WinIDN|Win32.ActiveCfg = DLL Debug DLL Windows SSPI DLL WinIDN|Win32
		{6229D34D-7946-7B26-3BF9-0CD2E4DEC4FB}.DLL Debug DLL Windows SSPI DLL WinIDN|Win32.Build.0 = DLL Debug DLL Windows SSPI DLL WinIDN|Win32
		{6229D34D-7946-7B26-3BF9-0CD2E4DEC4FB}.DLL Debug DLL Windows SSPI|Win32.ActiveCfg = DLL Debug DLL Windows SSPI|Win32
		{6229D34D-7946-7B26-3BF9-0CD2E4DEC4FB}.DLL Debug DLL Windows SSPI|Win32.Build.0 = DLL Debug DLL Windows SSPI|Win32
		{6229D34D-7946-7B26-3BF9-0CD2E4DEC4FB}.DLL Debug|Win32.ActiveCfg = DLL Debug|Win32
		{6229D34D-7946-7B26-3BF9-0CD2E4DEC4FB}.DLL Debug|Win32.Build.0 = DLL Debug|Win32
		{6229D34D-7946-7B26-3BF9-0CD2E4DEC4FB}.DLL Release DLL OpenSSL DLL LibSSH2|Win32.ActiveCfg = DLL Release DLL OpenSSL DLL LibSSH2|Win32
		{6229D34D-7946-7B26-3BF9-0CD2E4DEC4FB}.DLL Release DLL OpenSSL DLL LibSSH2|Win32.Build.0 = DLL Release DLL OpenSSL DLL LibSSH2|Win32
		{6229D34D-7946-7B26-3BF9-0CD2E4DEC4FB}.DLL Release DLL OpenSSL|Win32.ActiveCfg = DLL Release DLL OpenSSL|Win32
		{6229D34D-7946-7B26-3BF9-0CD2E4DEC4FB}.DLL Release DLL OpenSSL|Win32.Build.0 = DLL Release DLL OpenSSL|Win32
		{6229D34D-7946-7B26-3BF9-0CD2E4DEC4FB}.DLL Release DLL Windows SSPI DLL WinIDN|Win32.ActiveCfg = DLL Release DLL Windows SSPI DLL WinIDN|Win32
		{6229D34D-7946-7B26-3BF9-0CD2E4DEC4FB}.DLL Release DLL Windows SSPI DLL WinIDN|Win32.Build.0 = DLL Release DLL Windows SSPI DLL WinIDN|Win32
		{6229D34D-7946-7B26-3BF9-0CD2E4DEC4FB}.DLL Release DLL Windows SSPI|Win32.ActiveCfg = DLL Release DLL Windows SSPI|Win32
		{6229D34D-7946-7B26-3BF9-0CD2E4DEC4FB}.DLL Release DLL Windows SSPI|Win32.Build.0 = DLL Release DLL Windows SSPI|Win32
		{6229D34D-7946-7B26-3BF9-0CD2E4DEC4FB}.DLL Release|Win32.ActiveCfg = DLL Release|Win32
		{6229D34D-7946-7B26-3BF9-0CD2E4DEC4FB}.DLL Release|Win32.Build.0 = DLL Release|Win32
		{6229D34D-7946-7B26-3BF9-0CD2E4DEC4FB}.LIB Debug DLL OpenSSL DLL LibSSH2|Win32.ActiveCfg = LIB Debug DLL OpenSSL DLL LibSSH2|Win32
		{6229D34D-7946-7B26-3BF9-0CD2E4DEC4FB}.LIB Debug DLL OpenSSL DLL LibSSH2|Win32.Build.0 = LIB Debug DLL OpenSSL DLL LibSSH2|Win32
		{6229D34D-7946-7B26-3BF9-0CD2E4DEC4FB}.LIB Debug DLL OpenSSL|Win32.ActiveCfg = LIB Debug DLL OpenSSL|Win32
		{6229D34D-7946-7B26-3BF9-0CD2E4DEC4FB}.LIB Debug DLL OpenSSL|Win32.Build.0 = LIB Debug DLL OpenSSL|Win32
		{6229D34D-7946-7B26-3BF9-0CD2E4DEC4FB}.LIB Debug DLL Windows SSPI DLL WinIDN|Win32.ActiveCfg = LIB Debug DLL Windows SSPI DLL WinIDN|Win32
		{6229D34D-7946-7B26-3BF9-0CD2E4DEC4FB}.LIB Debug DLL Windows SSPI DLL WinIDN|Win32.Build.0 = LIB Debug DLL Windows SSPI DLL WinIDN|Win32
		{6229D34D-7946-7B26-3BF9-0CD2E4DEC4FB}.LIB Debug DLL Windows SSPI|Win32.ActiveCfg = LIB Debug DLL Windows SSPI|Win32
		{6229D34D-7946-7B26-3BF9-0CD2E4DEC4FB}.LIB Debug DLL Windows SSPI|Win32.Build.0 = LIB Debug DLL Windows SSPI|Win32
		{6229D34D-7946-7B26-3BF9-0CD2E4DEC4FB}.LIB Debug LIB OpenSSL LIB LibSSH2|Win32.ActiveCfg = LIB Debug LIB OpenSSL LIB LibSSH2|Win32
		{6229D34D-7946-7B26-3BF9-0CD2E4DEC4FB}.LIB Debug LIB OpenSSL LIB LibSSH2|Win32.Build.0 = LIB Debug LIB OpenSSL LIB LibSSH2|Win32
		{6229D34D-7946-7B26-3BF9-0CD2E4DEC4FB}.LIB Debug LIB OpenSSL|Win32.ActiveCfg = LIB Debug LIB OpenSSL|Win32
		{6229D34D-7946-7B26-3BF9-0CD2E4DEC4FB}.LIB Debug LIB OpenSSL|Win32.Build.0 = LIB Debug LIB OpenSSL|Win32
		{6229D34D-7946-7B26-3BF9-0CD2E4DEC4FB}.LIB Debug|Win32.ActiveCfg = LIB Debug|Win32
		{6229D34D-7946-7B26-3BF9-0CD2E4DEC4FB}.LIB Debug|Win32.Build.0 = LIB Debug|Win32
		{6229D34D-7946-7B26-3BF9-0CD2E4DEC4FB}.LIB Release DLL OpenSSL DLL LibSSH2|Win32.ActiveCfg = LIB Release DLL OpenSSL DLL LibSSH2|Win32
		{6229D34D-7946-7B26-3BF9-0CD2E4DEC4FB}.LIB Release DLL OpenSSL DLL LibSSH2|Win32.Build.0 = LIB Release DLL OpenSSL DLL LibSSH2|Win32
		{6229D34D-7946-7B26-3BF9-0CD2E4DEC4FB}.LIB Release DLL OpenSSL|Win32.ActiveCfg = LIB Release DLL OpenSSL|Win32
		{6229D34D-7946-7B26-3BF9-0CD2E4DEC4FB}.LIB Release DLL OpenSSL|Win32.Build.0 = LIB Release DLL OpenSSL|Win32
		{6229D34D-7946-7B26-3BF9-0CD2E4DEC4FB}.LIB Release DLL Windows SSPI DLL WinIDN|Win32.ActiveCfg = LIB Release DLL Windows SSPI DLL WinIDN|Win32
		{6229D34D-7946-7B26-3BF9-0CD2E4DEC4FB}.LIB Release DLL Windows SSPI DLL WinIDN|Win32.Build.0 = LIB Release DLL Windows SSPI DLL WinIDN|Win32
		{6229D34D-7946-7B26-3BF9-0CD2E4DEC4FB}.LIB Release DLL Windows SSPI|Win32.ActiveCfg = LIB Release DLL Windows SSPI|Win32
		{6229D34D-7946-7B26-3BF9-0CD2E4DEC4FB}.LIB Release DLL Windows SSPI|Win32.Build.0 = LIB Release DLL Windows SSPI|Win32
		{6229D34D-7946-7B26-3BF9-0CD2E4DEC4FB}.LIB Release LIB OpenSSL LIB LibSSH2|Win32.ActiveCfg = LIB Release LIB OpenSSL LIB LibSSH2|Win32
		{6229D34D-7946-7B26-3BF9-0CD2E4DEC4FB}.LIB Release LIB OpenSSL LIB LibSSH2|Win32.Build.0 = LIB Release LIB OpenSSL LIB LibSSH2|Win32
		{6229D34D-7946-7B26-3BF9-0CD2E4DEC4FB}.LIB Release LIB OpenSSL|Win32.ActiveCfg = LIB Release LIB OpenSSL|Win32
		{6229D34D-7946-7B26-3BF9-0CD2E4DEC4FB}.LIB Release LIB OpenSSL|Win32.Build.0 = LIB Release LIB OpenSSL|Win32
		{6229D34D-7946-7B26-3BF9-0CD2E4DEC4FB}.LIB Release|Win32.ActiveCfg = LIB Release|Win32
		{6229D34D-7946-7B26-3BF9-0CD2E4DEC4FB}.LIB Release|Win32.Build.0 = LIB Release|Win32
		{6229D34D-7946-7B26-3BF9-0CD2E4DEC4FB}.Template|Win32.ActiveCfg = LIB Release|Win32
		{6229D34D-7946-7B26-3BF9-0CD2E4DEC4FB}.Template|Win32.Build.0 = LIB Release|Win32
		{7A06FBDE-E52E-1077-3775-D1DFC3A8F848}.DLL Debug DLL OpenSSL DLL LibSSH2|Win32.ActiveCfg = DLL Debug DLL OpenSSL DLL LibSSH2|Win32
		{7A06FBDE-E52E-1077-3775-D1DFC3A8F848}.DLL Debug DLL OpenSSL DLL LibSSH2|Win32.Build.0 = DLL Debug DLL OpenSSL DLL LibSSH2|Win32
		{7A06FBDE-E52E-1077-3775-D1DFC3A8F848}.DLL Debug DLL OpenSSL|Win32.ActiveCfg = DLL Debug DLL OpenSSL|Win32
		{7A06FBDE-E52E-1077-3775-D1DFC3A8F848}.DLL Debug DLL OpenSSL|Win32.Build.0 = DLL Debug DLL OpenSSL|Win32
		{7A06FBDE-E52E-1077-3775-D1DFC3A8F848}.DLL Debug DLL Windows SSPI DLL WinIDN|Win32.ActiveCfg = DLL Debug DLL Windows SSPI DLL WinIDN|Win32
		{7A06FBDE-E52E-1077-3775-D1DFC3A8F848}.DLL Debug DLL Windows SSPI DLL WinIDN|Win32.Build.0 = DLL Debug DLL Windows SSPI DLL WinIDN|Win32
		{7A06FBDE-E52E-1077-3775-D1DFC3A8F848}.DLL Debug DLL Windows SSPI|Win32.ActiveCfg = DLL Debug DLL Windows SSPI|Win32
		{7A06FBDE-E52E-1077-3775-D1DFC3A8F848}.DLL Debug DLL Windows SSPI|Win32.Build.0 = DLL Debug DLL Windows SSPI|Win32
		{7A06FBDE-E52E-1077-3775-D1DFC3A8F848}.DLL Debug|Win32.ActiveCfg = DLL Debug|Win32
		{7A06FBDE-E52E-1077-3775-D1DFC3A8F848}.DLL Debug|Win32.Build.0 = DLL Debug|Win32
		{7A06FBDE-E52E-1077-3775-D1DFC3A8F848}.DLL Release DLL OpenSSL DLL LibSSH2|Win32.ActiveCfg = DLL Release DLL OpenSSL DLL LibSSH2|Win32
		{7A06FBDE-E52E-1077-3775-D1DFC3A8F848}.DLL Release DLL OpenSSL DLL LibSSH2|Win32.Build.0 = DLL Release DLL OpenSSL DLL LibSSH2|Win32
		{7A06FBDE-E52E-1077-3775-D1DFC3A8F848}.DLL Release DLL OpenSSL|Win32.ActiveCfg = DLL Release DLL OpenSSL|Win32
		{7A06FBDE-E52E-1077-3775-D1DFC3A8F848}.DLL Release DLL OpenSSL|Win32.Build.0 = DLL Release DLL OpenSSL|Win32
		{7A06FBDE-E52E-1077-3775-D1DFC3A8F848}.DLL Release DLL Windows SSPI DLL WinIDN|Win32.ActiveCfg = DLL Release DLL Windows SSPI DLL WinIDN|Win32
		{7A06FBDE-E52E-1077-3775-D1DFC3A8F848}.DLL Release DLL Windows SSPI DLL WinIDN|Win32.Build.0 = DLL Release DLL Windows SSPI DLL WinIDN|Win32
		{7A06FBDE-E52E-1077-3775-D1DFC3A8F848}.DLL Release DLL Windows SSPI|Win32.ActiveCfg = DLL Release DLL Windows SSPI|Win32
		{7A06FBDE-E52E-1077-3775-D1DFC3A8F848}.DLL Release DLL Windows SSPI|Win32.Build.0 = DLL Release DLL Windows SSPI|Win32
		{7A06FBDE-E52E-1077-3775-D1DFC3A8F848}.DLL Release|Win32.ActiveCfg = DLL Release|Win32
		{7A06FBDE-E52E-1077-3775-D1DFC3A8F848}.DLL Release|Win32.Build.0 = DLL Release|Win32
		{7A06FBDE-E52E-1077-3775-D1DFC3A8F848}.LIB Debug DLL OpenSSL DLL LibSSH2|Win32.ActiveCfg = LIB Debug DLL OpenSSL DLL LibSSH2|Win32
		{7A06FBDE-E52E-1077-3775-D1DFC3A8F848}.LIB Debug DLL OpenSSL DLL LibSSH2|Win32.Build.0 = LIB Debug DLL OpenSSL DLL LibSSH2|Win32
		{7A06FBDE-E52E-1077-3775-D1DFC3A8F848}.LIB Debug DLL OpenSSL|Win32.ActiveCfg = LIB Debug DLL OpenSSL|Win32
		{7A06FBDE-E52E-1077-3775-D1DFC3A8F848}.LIB Debug DLL OpenSSL|Win32.Build.0 = LIB Debug DLL OpenSSL|Win32
		{7A06FBDE-E52E-1077-3775-D1DFC3A8F848}.LIB Debug DLL Windows SSPI DLL WinIDN|Win32.ActiveCfg = LIB Debug DLL Windows SSPI DLL WinIDN|Win32
		{7A06FBDE-E52E-1077-3775-D1DFC3A8F848}.LIB Debug DLL Windows SSPI DLL WinIDN|Win32.Build.0 = LIB Debug DLL Windows SSPI DLL WinIDN|Win32
		{7A06FBDE-E52E-1077-3775-D1DFC3A8F848}.LIB Debug DLL Windows SSPI|Win32.ActiveCfg = LIB Debug DLL Windows SSPI|Win32
		{7A06FBDE-E52E-1077-3775-D1DFC3A8F848}.LIB Debug DLL Windows SSPI|Win32.Build.0 = LIB Debug DLL Windows SSPI|Win32
		{7A06FBDE-E52E-1077-3775-D1DFC3A8F848}.LIB Debug LIB OpenSSL LIB LibSSH2|Win32.ActiveCfg = LIB Debug LIB OpenSSL LIB LibSSH2|Win32
		{7A06FBDE-E52E-1077-3775-D1DFC3A8F848}.LIB Debug LIB OpenSSL LIB LibSSH2|Win32.Build.0 = LIB Debug LIB OpenSSL LIB LibSSH2|Win32
		{7A06FBDE-E52E-1077-3775-D1DFC3A8F848}.LIB Debug LIB OpenSSL|Win32.ActiveCfg = LIB Debug LIB OpenSSL|Win32
		{7A06FBDE-E52E-1077-3775-D1DFC3A8F848}.LIB Debug LIB OpenSSL|Win32.Build.0 = LIB Debug LIB OpenSSL|Win32
		{7A06FBDE-E52E-1077-3775-D1DFC3A8F848}.LIB Debug|Win32.ActiveCfg = LIB Debug|Win32
		{7A06FBDE-E52E-1077-3775-D1DFC3A8F848}.LIB Debug|Win32.Build.0 = LIB Debug|Win32
		{7A06FBDE-E52E-1077-3775-D1DFC3A8F848}.LIB Release DLL OpenSSL DLL LibSSH2|Win32.ActiveCfg = LIB Release DLL OpenSSL DLL LibSSH2|Win32
		{7A06FBDE-E52E-1077-3775-D1DFC3A8F848}.LIB Release DLL OpenSSL DLL LibSSH2|Win32.Build.0 = LIB Release DLL OpenSSL DLL LibSSH2|Win32
		{7A06FBDE-E52E-1077-3775-D1DFC3A8F848}.LIB Release DLL OpenSSL|Win32.ActiveCfg = LIB Release DLL OpenSSL|Win32
		{7A06FBDE-E52E-1077-3775-D1DFC3A8F848}.LIB Release DLL OpenSSL|Win32.Build.0 = LIB Release DLL OpenSSL|Win32
		{7A06FBDE-E52E-1077-3775-D1DFC3A8F848}.LIB Release DLL Windows SSPI DLL WinIDN|Win32.ActiveCfg = LIB Release DLL Windows SSPI DLL WinIDN|Win32
		{7A06FBDE-E52E-1077-3775-D1DFC3A8F848}.LIB Release DLL Windows SSPI DLL WinIDN|Win32.Build.0 = LIB Release DLL Windows SSPI DLL WinIDN|Win32
		{7A06FBDE-E52E-1077-3775-D1DFC3A8F848}.LIB Release DLL Windows SSPI|Win32.ActiveCfg = LIB Release DLL Windows SSPI|Win32
		{7A06FBDE-E52E-1077-3775-D1DFC3A8F848}.LIB Release DLL Windows SSPI|Win32.Build.0 = LIB Release DLL Windows SSPI|Win32
		{7A06FBDE-E52E-1077-3775-D1DFC3A8F848}.LIB Release LIB OpenSSL LIB LibSSH2|Win32.ActiveCfg = LIB Release LIB OpenSSL LIB LibSSH2|Win32
		{7A06FBDE-E52E-1077-3775-D1DFC3A8F848}.LIB Release LIB OpenSSL LIB LibSSH2|Win32.Build.0 = LIB Release LIB OpenSSL LIB LibSSH2|Win32
		{7A06FBDE-E52E-1077-3775-D1DFC3A8F848}.LIB Release LIB OpenSSL|Win32.ActiveCfg = LIB Release LIB OpenSSL|Win32
		{7A06FBDE-E52E-1077-3775-D1DFC3A8F848}.LIB Release LIB OpenSSL|Win32.Build.0 = LIB Release LIB OpenSSL|Win32
		{7A06FBDE-E52E-1077-3775-D1DFC3A8F848}.LIB Release|Win32.ActiveCfg = LIB Release|Win32
		{7A06FBDE-E52E-1077-3775-D1DFC3A8F848}.LIB Release|Win32.Build.0 = LIB Release|Win32
		{7A06FBDE-E52E-1077-3775-D1DFC3A8F848}.Template|Win32.ActiveCfg = Template|Win32
		{7A06FBDE-E52E-1077-3775-D1DFC3A8F848}.Template|Win32.Build.0 = Template|Win32
	EndGlobalSection
	GlobalSection(SolutionProperties) = preSolution
		HideSolutionNode = FALSE
	EndGlobalSection
EndGlobal
